// !$*UTF8*$!
{
	archiveVersion = 1;
	classes = {
	};
	objectVersion = 46;
	objects = {

/* Begin PBXBuildFile section */
		813737951B402B32003AF9DE /* AppDelegate.swift in Sources */ = {isa = PBXBuildFile; fileRef = 813737941B402B32003AF9DE /* AppDelegate.swift */; };
		8137379C1B402B32003AF9DE /* Images.xcassets in Resources */ = {isa = PBXBuildFile; fileRef = 8137379B1B402B32003AF9DE /* Images.xcassets */; };
		8137379F1B402B32003AF9DE /* LaunchScreen.xib in Resources */ = {isa = PBXBuildFile; fileRef = 8137379D1B402B32003AF9DE /* LaunchScreen.xib */; };
		813737AB1B402B32003AF9DE /* LineGraphKitDemoTests.swift in Sources */ = {isa = PBXBuildFile; fileRef = 813737AA1B402B32003AF9DE /* LineGraphKitDemoTests.swift */; };
		813737BA1B402B5F003AF9DE /* LineGraphViewController.swift in Sources */ = {isa = PBXBuildFile; fileRef = 813737B71B402B5F003AF9DE /* LineGraphViewController.swift */; };
		813737BD1B402B6A003AF9DE /* Main.storyboard in Resources */ = {isa = PBXBuildFile; fileRef = 813737BB1B402B6A003AF9DE /* Main.storyboard */; };
/* End PBXBuildFile section */

/* Begin PBXContainerItemProxy section */
		813737A51B402B32003AF9DE /* PBXContainerItemProxy */ = {
			isa = PBXContainerItemProxy;
			containerPortal = 813737871B402B32003AF9DE /* Project object */;
			proxyType = 1;
			remoteGlobalIDString = 8137378E1B402B32003AF9DE;
			remoteInfo = LineGraphKitDemo;
		};
/* End PBXContainerItemProxy section */

/* Begin PBXFileReference section */
		8137378F1B402B32003AF9DE /* LineGraphKitDemo.app */ = {isa = PBXFileReference; explicitFileType = wrapper.application; includeInIndex = 0; path = LineGraphKitDemo.app; sourceTree = BUILT_PRODUCTS_DIR; };
		813737931B402B32003AF9DE /* Info.plist */ = {isa = PBXFileReference; lastKnownFileType = text.plist.xml; path = Info.plist; sourceTree = "<group>"; };
		813737941B402B32003AF9DE /* AppDelegate.swift */ = {isa = PBXFileReference; lastKnownFileType = sourcecode.swift; path = AppDelegate.swift; sourceTree = "<group>"; };
		8137379B1B402B32003AF9DE /* Images.xcassets */ = {isa = PBXFileReference; lastKnownFileType = folder.assetcatalog; path = Images.xcassets; sourceTree = "<group>"; };
		8137379E1B402B32003AF9DE /* Base */ = {isa = PBXFileReference; lastKnownFileType = file.xib; name = Base; path = Base.lproj/LaunchScreen.xib; sourceTree = "<group>"; };
		813737A41B402B32003AF9DE /* LineGraphKitDemoTests.xctest */ = {isa = PBXFileReference; explicitFileType = wrapper.cfbundle; includeInIndex = 0; path = LineGraphKitDemoTests.xctest; sourceTree = BUILT_PRODUCTS_DIR; };
		813737A91B402B32003AF9DE /* Info.plist */ = {isa = PBXFileReference; lastKnownFileType = text.plist.xml; path = Info.plist; sourceTree = "<group>"; };
		813737AA1B402B32003AF9DE /* LineGraphKitDemoTests.swift */ = {isa = PBXFileReference; lastKnownFileType = sourcecode.swift; path = LineGraphKitDemoTests.swift; sourceTree = "<group>"; };
		813737B71B402B5F003AF9DE /* LineGraphViewController.swift */ = {isa = PBXFileReference; fileEncoding = 4; lastKnownFileType = sourcecode.swift; path = LineGraphViewController.swift; sourceTree = "<group>"; };
		813737BC1B402B6A003AF9DE /* Base */ = {isa = PBXFileReference; lastKnownFileType = file.storyboard; name = Base; path = Base.lproj/Main.storyboard; sourceTree = "<group>"; };
/* End PBXFileReference section */

/* Begin PBXFrameworksBuildPhase section */
		8137378C1B402B32003AF9DE /* Frameworks */ = {
			isa = PBXFrameworksBuildPhase;
			buildActionMask = 2147483647;
			files = (
			);
			runOnlyForDeploymentPostprocessing = 0;
		};
		813737A11B402B32003AF9DE /* Frameworks */ = {
			isa = PBXFrameworksBuildPhase;
			buildActionMask = 2147483647;
			files = (
			);
			runOnlyForDeploymentPostprocessing = 0;
		};
/* End PBXFrameworksBuildPhase section */

/* Begin PBXGroup section */
		813737861B402B32003AF9DE = {
			isa = PBXGroup;
			children = (
				813737911B402B32003AF9DE /* LineGraphKitDemo */,
				813737A71B402B32003AF9DE /* LineGraphKitDemoTests */,
				813737901B402B32003AF9DE /* Products */,
			);
			sourceTree = "<group>";
		};
		813737901B402B32003AF9DE /* Products */ = {
			isa = PBXGroup;
			children = (
				8137378F1B402B32003AF9DE /* LineGraphKitDemo.app */,
				813737A41B402B32003AF9DE /* LineGraphKitDemoTests.xctest */,
			);
			name = Products;
			sourceTree = "<group>";
		};
		813737911B402B32003AF9DE /* LineGraphKitDemo */ = {
			isa = PBXGroup;
			children = (
				813737BB1B402B6A003AF9DE /* Main.storyboard */,
				813737B41B402B5F003AF9DE /* Classes */,
				813737B91B402B5F003AF9DE /* Extensions */,
				813737941B402B32003AF9DE /* AppDelegate.swift */,
				8137379B1B402B32003AF9DE /* Images.xcassets */,
				8137379D1B402B32003AF9DE /* LaunchScreen.xib */,
				813737921B402B32003AF9DE /* Supporting Files */,
			);
			path = LineGraphKitDemo;
			sourceTree = "<group>";
		};
		813737921B402B32003AF9DE /* Supporting Files */ = {
			isa = PBXGroup;
			children = (
				813737931B402B32003AF9DE /* Info.plist */,
			);
			name = "Supporting Files";
			sourceTree = "<group>";
		};
		813737A71B402B32003AF9DE /* LineGraphKitDemoTests */ = {
			isa = PBXGroup;
			children = (
				813737AA1B402B32003AF9DE /* LineGraphKitDemoTests.swift */,
				813737A81B402B32003AF9DE /* Supporting Files */,
			);
			path = LineGraphKitDemoTests;
			sourceTree = "<group>";
		};
		813737A81B402B32003AF9DE /* Supporting Files */ = {
			isa = PBXGroup;
			children = (
				813737A91B402B32003AF9DE /* Info.plist */,
			);
			name = "Supporting Files";
			sourceTree = "<group>";
		};
		813737B41B402B5F003AF9DE /* Classes */ = {
			isa = PBXGroup;
			children = (
				813737B51B402B5F003AF9DE /* Models */,
				813737B61B402B5F003AF9DE /* ViewControllers */,
				813737B81B402B5F003AF9DE /* ViewElements */,
			);
			path = Classes;
			sourceTree = "<group>";
		};
		813737B51B402B5F003AF9DE /* Models */ = {
			isa = PBXGroup;
			children = (
			);
			path = Models;
			sourceTree = "<group>";
		};
		813737B61B402B5F003AF9DE /* ViewControllers */ = {
			isa = PBXGroup;
			children = (
				813737B71B402B5F003AF9DE /* LineGraphViewController.swift */,
			);
			path = ViewControllers;
			sourceTree = "<group>";
		};
		813737B81B402B5F003AF9DE /* ViewElements */ = {
			isa = PBXGroup;
			children = (
			);
			path = ViewElements;
			sourceTree = "<group>";
		};
		813737B91B402B5F003AF9DE /* Extensions */ = {
			isa = PBXGroup;
			children = (
			);
			path = Extensions;
			sourceTree = "<group>";
		};
/* End PBXGroup section */

/* Begin PBXNativeTarget section */
		8137378E1B402B32003AF9DE /* LineGraphKitDemo */ = {
			isa = PBXNativeTarget;
			buildConfigurationList = 813737AE1B402B32003AF9DE /* Build configuration list for PBXNativeTarget "LineGraphKitDemo" */;
			buildPhases = (
				8137378B1B402B32003AF9DE /* Sources */,
				8137378C1B402B32003AF9DE /* Frameworks */,
				8137378D1B402B32003AF9DE /* Resources */,
			);
			buildRules = (
			);
			dependencies = (
			);
			name = LineGraphKitDemo;
			productName = LineGraphKitDemo;
			productReference = 8137378F1B402B32003AF9DE /* LineGraphKitDemo.app */;
			productType = "com.apple.product-type.application";
		};
		813737A31B402B32003AF9DE /* LineGraphKitDemoTests */ = {
			isa = PBXNativeTarget;
			buildConfigurationList = 813737B11B402B32003AF9DE /* Build configuration list for PBXNativeTarget "LineGraphKitDemoTests" */;
			buildPhases = (
				813737A01B402B32003AF9DE /* Sources */,
				813737A11B402B32003AF9DE /* Frameworks */,
				813737A21B402B32003AF9DE /* Resources */,
			);
			buildRules = (
			);
			dependencies = (
				813737A61B402B32003AF9DE /* PBXTargetDependency */,
			);
			name = LineGraphKitDemoTests;
			productName = LineGraphKitDemoTests;
			productReference = 813737A41B402B32003AF9DE /* LineGraphKitDemoTests.xctest */;
			productType = "com.apple.product-type.bundle.unit-test";
		};
/* End PBXNativeTarget section */

/* Begin PBXProject section */
		813737871B402B32003AF9DE /* Project object */ = {
			isa = PBXProject;
			attributes = {
				LastUpgradeCheck = 0630;
				ORGANIZATIONNAME = Fineline;
				TargetAttributes = {
					8137378E1B402B32003AF9DE = {
						CreatedOnToolsVersion = 6.3.2;
					};
					813737A31B402B32003AF9DE = {
						CreatedOnToolsVersion = 6.3.2;
						TestTargetID = 8137378E1B402B32003AF9DE;
					};
				};
			};
			buildConfigurationList = 8137378A1B402B32003AF9DE /* Build configuration list for PBXProject "LineGraphKitDemo" */;
			compatibilityVersion = "Xcode 3.2";
			developmentRegion = English;
			hasScannedForEncodings = 0;
			knownRegions = (
				en,
				Base,
			);
			mainGroup = 813737861B402B32003AF9DE;
			productRefGroup = 813737901B402B32003AF9DE /* Products */;
			projectDirPath = "";
			projectRoot = "";
			targets = (
				8137378E1B402B32003AF9DE /* LineGraphKitDemo */,
				813737A31B402B32003AF9DE /* LineGraphKitDemoTests */,
			);
		};
/* End PBXProject section */

/* Begin PBXResourcesBuildPhase section */
		8137378D1B402B32003AF9DE /* Resources */ = {
			isa = PBXResourcesBuildPhase;
			buildActionMask = 2147483647;
			files = (
				813737BD1B402B6A003AF9DE /* Main.storyboard in Resources */,
				8137379F1B402B32003AF9DE /* LaunchScreen.xib in Resources */,
				8137379C1B402B32003AF9DE /* Images.xcassets in Resources */,
			);
			runOnlyForDeploymentPostprocessing = 0;
		};
		813737A21B402B32003AF9DE /* Resources */ = {
			isa = PBXResourcesBuildPhase;
			buildActionMask = 2147483647;
			files = (
			);
			runOnlyForDeploymentPostprocessing = 0;
		};
/* End PBXResourcesBuildPhase section */

/* Begin PBXSourcesBuildPhase section */
		8137378B1B402B32003AF9DE /* Sources */ = {
			isa = PBXSourcesBuildPhase;
			buildActionMask = 2147483647;
			files = (
				813737951B402B32003AF9DE /* AppDelegate.swift in Sources */,
				813737BA1B402B5F003AF9DE /* LineGraphViewController.swift in Sources */,
			);
			runOnlyForDeploymentPostprocessing = 0;
		};
		813737A01B402B32003AF9DE /* Sources */ = {
			isa = PBXSourcesBuildPhase;
			buildActionMask = 2147483647;
			files = (
				813737AB1B402B32003AF9DE /* LineGraphKitDemoTests.swift in Sources */,
			);
			runOnlyForDeploymentPostprocessing = 0;
		};
/* End PBXSourcesBuildPhase section */

/* Begin PBXTargetDependency section */
		813737A61B402B32003AF9DE /* PBXTargetDependency */ = {
			isa = PBXTargetDependency;
			target = 8137378E1B402B32003AF9DE /* LineGraphKitDemo */;
			targetProxy = 813737A51B402B32003AF9DE /* PBXContainerItemProxy */;
		};
/* End PBXTargetDependency section */

/* Begin PBXVariantGroup section */
		8137379D1B402B32003AF9DE /* LaunchScreen.xib */ = {
			isa = PBXVariantGroup;
			children = (
				8137379E1B402B32003AF9DE /* Base */,
			);
			name = LaunchScreen.xib;
			sourceTree = "<group>";
		};
		813737BB1B402B6A003AF9DE /* Main.storyboard */ = {
			isa = PBXVariantGroup;
			children = (
				813737BC1B402B6A003AF9DE /* Base */,
			);
			name = Main.storyboard;
			sourceTree = "<group>";
		};
/* End PBXVariantGroup section */

/* Begin XCBuildConfiguration section */
		813737AC1B402B32003AF9DE /* Debug */ = {
			isa = XCBuildConfiguration;
			buildSettings = {
				ALWAYS_SEARCH_USER_PATHS = NO;
				CLANG_CXX_LANGUAGE_STANDARD = "gnu++0x";
				CLANG_CXX_LIBRARY = "libc++";
				CLANG_ENABLE_MODULES = YES;
				CLANG_ENABLE_OBJC_ARC = YES;
				CLANG_WARN_BOOL_CONVERSION = YES;
				CLANG_WARN_CONSTANT_CONVERSION = YES;
				CLANG_WARN_DIRECT_OBJC_ISA_USAGE = YES_ERROR;
				CLANG_WARN_EMPTY_BODY = YES;
				CLANG_WARN_ENUM_CONVERSION = YES;
				CLANG_WARN_INT_CONVERSION = YES;
				CLANG_WARN_OBJC_ROOT_CLASS = YES_ERROR;
				CLANG_WARN_UNREACHABLE_CODE = YES;
				CLANG_WARN__DUPLICATE_METHOD_MATCH = YES;
				"CODE_SIGN_IDENTITY[sdk=iphoneos*]" = "iPhone Developer";
				COPY_PHASE_STRIP = NO;
				DEBUG_INFORMATION_FORMAT = "dwarf-with-dsym";
				ENABLE_STRICT_OBJC_MSGSEND = YES;
				GCC_C_LANGUAGE_STANDARD = gnu99;
				GCC_DYNAMIC_NO_PIC = NO;
				GCC_NO_COMMON_BLOCKS = YES;
				GCC_OPTIMIZATION_LEVEL = 0;
				GCC_PREPROCESSOR_DEFINITIONS = (
					"DEBUG=1",
					"$(inherited)",
				);
				GCC_SYMBOLS_PRIVATE_EXTERN = NO;
				GCC_WARN_64_TO_32_BIT_CONVERSION = YES;
				GCC_WARN_ABOUT_RETURN_TYPE = YES_ERROR;
				GCC_WARN_UNDECLARED_SELECTOR = YES;
				GCC_WARN_UNINITIALIZED_AUTOS = YES_AGGRESSIVE;
				GCC_WARN_UNUSED_FUNCTION = YES;
				GCC_WARN_UNUSED_VARIABLE = YES;
				IPHONEOS_DEPLOYMENT_TARGET = 8.3;
				MTL_ENABLE_DEBUG_INFO = YES;
				ONLY_ACTIVE_ARCH = YES;
				SDKROOT = iphoneos;
				SWIFT_OPTIMIZATION_LEVEL = "-Onone";
				TARGETED_DEVICE_FAMILY = "1,2";
			};
			name = Debug;
		};
		813737AD1B402B32003AF9DE /* Release */ = {
			isa = XCBuildConfiguration;
			buildSettings = {
				ALWAYS_SEARCH_USER_PATHS = NO;
				CLANG_CXX_LANGUAGE_STANDARD = "gnu++0x";
				CLANG_CXX_LIBRARY = "libc++";
				CLANG_ENABLE_MODULES = YES;
				CLANG_ENABLE_OBJC_ARC = YES;
				CLANG_WARN_BOOL_CONVERSION = YES;
				CLANG_WARN_CONSTANT_CONVERSION = YES;
				CLANG_WARN_DIRECT_OBJC_ISA_USAGE = YES_ERROR;
				CLANG_WARN_EMPTY_BODY = YES;
				CLANG_WARN_ENUM_CONVERSION = YES;
				CLANG_WARN_INT_CONVERSION = YES;
				CLANG_WARN_OBJC_ROOT_CLASS = YES_ERROR;
				CLANG_WARN_UNREACHABLE_CODE = YES;
				CLANG_WARN__DUPLICATE_METHOD_MATCH = YES;
				"CODE_SIGN_IDENTITY[sdk=iphoneos*]" = "iPhone Developer";
				COPY_PHASE_STRIP = NO;
				DEBUG_INFORMATION_FORMAT = "dwarf-with-dsym";
				ENABLE_NS_ASSERTIONS = NO;
				ENABLE_STRICT_OBJC_MSGSEND = YES;
				GCC_C_LANGUAGE_STANDARD = gnu99;
				GCC_NO_COMMON_BLOCKS = YES;
				GCC_WARN_64_TO_32_BIT_CONVERSION = YES;
				GCC_WARN_ABOUT_RETURN_TYPE = YES_ERROR;
				GCC_WARN_UNDECLARED_SELECTOR = YES;
				GCC_WARN_UNINITIALIZED_AUTOS = YES_AGGRESSIVE;
				GCC_WARN_UNUSED_FUNCTION = YES;
				GCC_WARN_UNUSED_VARIABLE = YES;
				IPHONEOS_DEPLOYMENT_TARGET = 8.3;
				MTL_ENABLE_DEBUG_INFO = NO;
				SDKROOT = iphoneos;
				TARGETED_DEVICE_FAMILY = "1,2";
				VALIDATE_PRODUCT = YES;
			};
			name = Release;
		};
		813737AF1B402B32003AF9DE /* Debug */ = {
			isa = XCBuildConfiguration;
			buildSettings = {
				ASSETCATALOG_COMPILER_APPICON_NAME = AppIcon;
				INFOPLIST_FILE = LineGraphKitDemo/Info.plist;
				LD_RUNPATH_SEARCH_PATHS = "$(inherited) @executable_path/Frameworks";
				PRODUCT_NAME = "$(TARGET_NAME)";
			};
			name = Debug;
		};
		813737B01B402B32003AF9DE /* Release */ = {
			isa = XCBuildConfiguration;
			buildSettings = {
				ASSETCATALOG_COMPILER_APPICON_NAME = AppIcon;
				INFOPLIST_FILE = LineGraphKitDemo/Info.plist;
				LD_RUNPATH_SEARCH_PATHS = "$(inherited) @executable_path/Frameworks";
				PRODUCT_NAME = "$(TARGET_NAME)";
			};
			name = Release;
		};
		813737B21B402B32003AF9DE /* Debug */ = {
			isa = XCBuildConfiguration;
			buildSettings = {
				BUNDLE_LOADER = "$(TEST_HOST)";
				FRAMEWORK_SEARCH_PATHS = (
					"$(SDKROOT)/Developer/Library/Frameworks",
					"$(inherited)",
				);
				GCC_PREPROCESSOR_DEFINITIONS = (
					"DEBUG=1",
					"$(inherited)",
				);
				INFOPLIST_FILE = LineGraphKitDemoTests/Info.plist;
				LD_RUNPATH_SEARCH_PATHS = "$(inherited) @executable_path/Frameworks @loader_path/Frameworks";
				PRODUCT_NAME = "$(TARGET_NAME)";
				TEST_HOST = "$(BUILT_PRODUCTS_DIR)/LineGraphKitDemo.app/LineGraphKitDemo";
			};
			name = Debug;
		};
		813737B31B402B32003AF9DE /* Release */ = {
			isa = XCBuildConfiguration;
			buildSettings = {
				BUNDLE_LOADER = "$(TEST_HOST)";
				FRAMEWORK_SEARCH_PATHS = (
					"$(SDKROOT)/Developer/Library/Frameworks",
					"$(inherited)",
				);
				INFOPLIST_FILE = LineGraphKitDemoTests/Info.plist;
				LD_RUNPATH_SEARCH_PATHS = "$(inherited) @executable_path/Frameworks @loader_path/Frameworks";
				PRODUCT_NAME = "$(TARGET_NAME)";
				TEST_HOST = "$(BUILT_PRODUCTS_DIR)/LineGraphKitDemo.app/LineGraphKitDemo";
			};
			name = Release;
		};
/* End XCBuildConfiguration section */

/* Begin XCConfigurationList section */
		8137378A1B402B32003AF9DE /* Build configuration list for PBXProject "LineGraphKitDemo" */ = {
			isa = XCConfigurationList;
			buildConfigurations = (
				813737AC1B402B32003AF9DE /* Debug */,
				813737AD1B402B32003AF9DE /* Release */,
			);
			defaultConfigurationIsVisible = 0;
			defaultConfigurationName = Release;
		};
		813737AE1B402B32003AF9DE /* Build configuration list for PBXNativeTarget "LineGraphKitDemo" */ = {
			isa = XCConfigurationList;
			buildConfigurations = (
				813737AF1B402B32003AF9DE /* Debug */,
				813737B01B402B32003AF9DE /* Release */,
			);
			defaultConfigurationIsVisible = 0;
		};
		813737B11B402B32003AF9DE /* Build configuration list for PBXNativeTarget "LineGraphKitDemoTests" */ = {
			isa = XCConfigurationList;
			buildConfigurations = (
				813737B21B402B32003AF9DE /* Debug */,
				813737B31B402B32003AF9DE /* Release */,
			);
			defaultConfigurationIsVisible = 0;
		};
/* End XCConfigurationList section */
	};
	rootObject = 813737871B402B32003AF9DE /* Project object */;
}
